
Microsoft Visual Studio Solution File, Format Version 12.00
# Visual Studio 15
VisualStudioVersion = 15.0.28307.421
MinimumVisualStudioVersion = 10.0.40219.1
Project("{FAE04EC0-301F-11D3-BF4B-00C04F79EFBC}") = "注文確認", "注文確認\注文確認.csproj", "{61FA9388-CF06-49A1-B1C1-A741E629E514}"
EndProject
Global
	GlobalSection(SolutionConfigurationPlatforms) = preSolution
		Debug|Any CPU = Debug|Any CPU
		Release|Any CPU = Release|Any CPU
	EndGlobalSection
	GlobalSection(ProjectConfigurationPlatforms) = postSolution
		{61FA9388-CF06-49A1-B1C1-A741E629E514}.Debug|Any CPU.ActiveCfg = Debug|Any CPU
		{61FA9388-CF06-49A1-B1C1-A741E629E514}.Debug|Any CPU.Build.0 = Debug|Any CPU
		{61FA9388-CF06-49A1-B1C1-A741E629E514}.Release|Any CPU.ActiveCfg = Release|Any CPU
		{61FA9388-CF06-49A1-B1C1-A741E629E514}.Release|Any CPU.Build.0 = Release|Any CPU
	EndGlobalSection
	GlobalSection(SolutionProperties) = preSolution
		HideSolutionNode = FALSE
	EndGlobalSection
	GlobalSection(ExtensibilityGlobals) = postSolution
		SolutionGuid = {899AA088-243B-4391-9A17-BD2E37B6B3A1}
	EndGlobalSection
EndGlobal
